
Microsoft Visual Studio Solution File, Format Version 12.00
# Visual Studio Version 17
VisualStudioVersion = 17.11.35219.272
MinimumVisualStudioVersion = 10.0.40219.1
Project("{FAE04EC0-301F-11D3-BF4B-00C04F79EFBC}") = "YStarCharge", "YStarCharge\YStarCharge.csproj", "{81F1A6A0-7487-4BF6-802B-AC3D89570207}"
EndProject
Project("{FAE04EC0-301F-11D3-BF4B-00C04F79EFBC}") = "SqlLib", "SqlLib\SqlLib.csproj", "{47EB1F5C-6A91-4215-8910-AC6700BE15B8}"
EndProject
Project("{FAE04EC0-301F-11D3-BF4B-00C04F79EFBC}") = "LiveChartDemo", "LiveChartDemo\LiveChartDemo.csproj", "{35686EFE-E70A-4391-9DB2-5769E517392E}"
EndProject
Project("{9A19103F-16F7-4668-BE54-9A1E7A4F7556}") = "YStarCharge.Web", "YStarCharge.Web\YStarCharge.Web.csproj", "{E1FABA5A-8A0A-4957-98C7-C50C5981B0D2}"
EndProject
Global
	GlobalSection(SolutionConfigurationPlatforms) = preSolution
		Debug|Any CPU = Debug|Any CPU
		Release|Any CPU = Release|Any CPU
	EndGlobalSection
	GlobalSection(ProjectConfigurationPlatforms) = postSolution
		{81F1A6A0-7487-4BF6-802B-AC3D89570207}.Debug|Any CPU.ActiveCfg = Debug|Any CPU
		{81F1A6A0-7487-4BF6-802B-AC3D89570207}.Debug|Any CPU.Build.0 = Debug|Any CPU
		{81F1A6A0-7487-4BF6-802B-AC3D89570207}.Release|Any CPU.ActiveCfg = Release|Any CPU
		{81F1A6A0-7487-4BF6-802B-AC3D89570207}.Release|Any CPU.Build.0 = Release|Any CPU
		{47EB1F5C-6A91-4215-8910-AC6700BE15B8}.Debug|Any CPU.ActiveCfg = Debug|Any CPU
		{47EB1F5C-6A91-4215-8910-AC6700BE15B8}.Debug|Any CPU.Build.0 = Debug|Any CPU
		{47EB1F5C-6A91-4215-8910-AC6700BE15B8}.Release|Any CPU.ActiveCfg = Release|Any CPU
		{47EB1F5C-6A91-4215-8910-AC6700BE15B8}.Release|Any CPU.Build.0 = Release|Any CPU
		{35686EFE-E70A-4391-9DB2-5769E517392E}.Debug|Any CPU.ActiveCfg = Debug|Any CPU
		{35686EFE-E70A-4391-9DB2-5769E517392E}.Debug|Any CPU.Build.0 = Debug|Any CPU
		{35686EFE-E70A-4391-9DB2-5769E517392E}.Release|Any CPU.ActiveCfg = Release|Any CPU
		{35686EFE-E70A-4391-9DB2-5769E517392E}.Release|Any CPU.Build.0 = Release|Any CPU
		{E1FABA5A-8A0A-4957-98C7-C50C5981B0D2}.Debug|Any CPU.ActiveCfg = Debug|Any CPU
		{E1FABA5A-8A0A-4957-98C7-C50C5981B0D2}.Debug|Any CPU.Build.0 = Debug|Any CPU
		{E1FABA5A-8A0A-4957-98C7-C50C5981B0D2}.Release|Any CPU.ActiveCfg = Release|Any CPU
		{E1FABA5A-8A0A-4957-98C7-C50C5981B0D2}.Release|Any CPU.Build.0 = Release|Any CPU
	EndGlobalSection
	GlobalSection(SolutionProperties) = preSolution
		HideSolutionNode = FALSE
	EndGlobalSection
	GlobalSection(ExtensibilityGlobals) = postSolution
		SolutionGuid = {AC69CF43-4862-45F5-AB4A-5C69C24FD82C}
	EndGlobalSection
EndGlobal
